
Microsoft Visual Studio Solution File, Format Version 12.00
# Visual Studio Version 17
VisualStudioVersion = 17.11.35327.3
MinimumVisualStudioVersion = 10.0.40219.1
Project("{FAE04EC0-301F-11D3-BF4B-00C04F79EFBC}") = "ChimneyOrderForm", "ChimneyOrderForm\ChimneyOrderForm.csproj", "{BC12AD71-10B8-4472-88D0-331FA04744F1}"
EndProject
Global
	GlobalSection(SolutionConfigurationPlatforms) = preSolution
		Debug|Any CPU = Debug|Any CPU
		Release|Any CPU = Release|Any CPU
	EndGlobalSection
	GlobalSection(ProjectConfigurationPlatforms) = postSolution
		{BC12AD71-10B8-4472-88D0-331FA04744F1}.Debug|Any CPU.ActiveCfg = Debug|Any CPU
		{BC12AD71-10B8-4472-88D0-331FA04744F1}.Debug|Any CPU.Build.0 = Debug|Any CPU
		{BC12AD71-10B8-4472-88D0-331FA04744F1}.Release|Any CPU.ActiveCfg = Release|Any CPU
		{BC12AD71-10B8-4472-88D0-331FA04744F1}.Release|Any CPU.Build.0 = Release|Any CPU
	EndGlobalSection
	GlobalSection(SolutionProperties) = preSolution
		HideSolutionNode = FALSE
	EndGlobalSection
	GlobalSection(ExtensibilityGlobals) = postSolution
		SolutionGuid = {1989E23D-3180-457C-BD4C-09CA47040B0F}
	EndGlobalSection
EndGlobal
